// !$*UTF8*$!
{
	archiveVersion = 1;
	classes = {
	};
	objectVersion = 50;
	objects = {

/* Begin PBXBuildFile section */
		4661718922B57E37009A461B /* SignClassifier.mlmodel in Sources */ = {isa = PBXBuildFile; fileRef = 4661718822B57E37009A461B /* SignClassifier.mlmodel */; };
		46653EBD22A78FD400993E85 /* AppDelegate.swift in Sources */ = {isa = PBXBuildFile; fileRef = 46653EBC22A78FD400993E85 /* AppDelegate.swift */; };
		46653EBF22A78FD400993E85 /* ViewController.swift in Sources */ = {isa = PBXBuildFile; fileRef = 46653EBE22A78FD400993E85 /* ViewController.swift */; };
		46653EC222A78FD400993E85 /* Main.storyboard in Resources */ = {isa = PBXBuildFile; fileRef = 46653EC022A78FD400993E85 /* Main.storyboard */; };
		46653EC422A78FD600993E85 /* Assets.xcassets in Resources */ = {isa = PBXBuildFile; fileRef = 46653EC322A78FD600993E85 /* Assets.xcassets */; };
		46653EC722A78FD600993E85 /* LaunchScreen.storyboard in Resources */ = {isa = PBXBuildFile; fileRef = 46653EC522A78FD600993E85 /* LaunchScreen.storyboard */; };
		46653ED222A78FD600993E85 /* SignLanguageRecognizerTests.swift in Sources */ = {isa = PBXBuildFile; fileRef = 46653ED122A78FD600993E85 /* SignLanguageRecognizerTests.swift */; };
		46653EDD22A78FD600993E85 /* SignLanguageRecognizerUITests.swift in Sources */ = {isa = PBXBuildFile; fileRef = 46653EDC22A78FD600993E85 /* SignLanguageRecognizerUITests.swift */; };
/* End PBXBuildFile section */

/* Begin PBXContainerItemProxy section */
		46653ECE22A78FD600993E85 /* PBXContainerItemProxy */ = {
			isa = PBXContainerItemProxy;
			containerPortal = 46653EB122A78FD400993E85 /* Project object */;
			proxyType = 1;
			remoteGlobalIDString = 46653EB822A78FD400993E85;
			remoteInfo = SignLanguageRecognizer;
		};
		46653ED922A78FD600993E85 /* PBXContainerItemProxy */ = {
			isa = PBXContainerItemProxy;
			containerPortal = 46653EB122A78FD400993E85 /* Project object */;
			proxyType = 1;
			remoteGlobalIDString = 46653EB822A78FD400993E85;
			remoteInfo = SignLanguageRecognizer;
		};
/* End PBXContainerItemProxy section */

/* Begin PBXFileReference section */
		4661718822B57E37009A461B /* SignClassifier.mlmodel */ = {isa = PBXFileReference; lastKnownFileType = file.mlmodel; path = SignClassifier.mlmodel; sourceTree = "<group>"; };
		46653EB922A78FD400993E85 /* SignLanguageRecognizer.app */ = {isa = PBXFileReference; explicitFileType = wrapper.application; includeInIndex = 0; path = SignLanguageRecognizer.app; sourceTree = BUILT_PRODUCTS_DIR; };
		46653EBC22A78FD400993E85 /* AppDelegate.swift */ = {isa = PBXFileReference; lastKnownFileType = sourcecode.swift; path = AppDelegate.swift; sourceTree = "<group>"; };
		46653EBE22A78FD400993E85 /* ViewController.swift */ = {isa = PBXFileReference; lastKnownFileType = sourcecode.swift; path = ViewController.swift; sourceTree = "<group>"; };
		46653EC122A78FD400993E85 /* Base */ = {isa = PBXFileReference; lastKnownFileType = file.storyboard; name = Base; path = Base.lproj/Main.storyboard; sourceTree = "<group>"; };
		46653EC322A78FD600993E85 /* Assets.xcassets */ = {isa = PBXFileReference; lastKnownFileType = folder.assetcatalog; path = Assets.xcassets; sourceTree = "<group>"; };
		46653EC622A78FD600993E85 /* Base */ = {isa = PBXFileReference; lastKnownFileType = file.storyboard; name = Base; path = Base.lproj/LaunchScreen.storyboard; sourceTree = "<group>"; };
		46653EC822A78FD600993E85 /* Info.plist */ = {isa = PBXFileReference; lastKnownFileType = text.plist.xml; path = Info.plist; sourceTree = "<group>"; };
		46653ECD22A78FD600993E85 /* SignLanguageRecognizerTests.xctest */ = {isa = PBXFileReference; explicitFileType = wrapper.cfbundle; includeInIndex = 0; path = SignLanguageRecognizerTests.xctest; sourceTree = BUILT_PRODUCTS_DIR; };
		46653ED122A78FD600993E85 /* SignLanguageRecognizerTests.swift */ = {isa = PBXFileReference; lastKnownFileType = sourcecode.swift; path = SignLanguageRecognizerTests.swift; sourceTree = "<group>"; };
		46653ED322A78FD600993E85 /* Info.plist */ = {isa = PBXFileReference; lastKnownFileType = text.plist.xml; path = Info.plist; sourceTree = "<group>"; };
		46653ED822A78FD600993E85 /* SignLanguageRecognizerUITests.xctest */ = {isa = PBXFileReference; explicitFileType = wrapper.cfbundle; includeInIndex = 0; path = SignLanguageRecognizerUITests.xctest; sourceTree = BUILT_PRODUCTS_DIR; };
		46653EDC22A78FD600993E85 /* SignLanguageRecognizerUITests.swift */ = {isa = PBXFileReference; lastKnownFileType = sourcecode.swift; path = SignLanguageRecognizerUITests.swift; sourceTree = "<group>"; };
		46653EDE22A78FD600993E85 /* Info.plist */ = {isa = PBXFileReference; lastKnownFileType = text.plist.xml; path = Info.plist; sourceTree = "<group>"; };
/* End PBXFileReference section */

/* Begin PBXFrameworksBuildPhase section */
		46653EB622A78FD400993E85 /* Frameworks */ = {
			isa = PBXFrameworksBuildPhase;
			buildActionMask = 2147483647;
			files = (
			);
			runOnlyForDeploymentPostprocessing = 0;
		};
		46653ECA22A78FD600993E85 /* Frameworks */ = {
			isa = PBXFrameworksBuildPhase;
			buildActionMask = 2147483647;
			files = (
			);
			runOnlyForDeploymentPostprocessing = 0;
		};
		46653ED522A78FD600993E85 /* Frameworks */ = {
			isa = PBXFrameworksBuildPhase;
			buildActionMask = 2147483647;
			files = (
			);
			runOnlyForDeploymentPostprocessing = 0;
		};
/* End PBXFrameworksBuildPhase section */

/* Begin PBXGroup section */
		46653EB022A78FD400993E85 = {
			isa = PBXGroup;
			children = (
				46653EBB22A78FD400993E85 /* SignLanguageRecognizer */,
				46653ED022A78FD600993E85 /* SignLanguageRecognizerTests */,
				46653EDB22A78FD600993E85 /* SignLanguageRecognizerUITests */,
				46653EBA22A78FD400993E85 /* Products */,
			);
			sourceTree = "<group>";
		};
		46653EBA22A78FD400993E85 /* Products */ = {
			isa = PBXGroup;
			children = (
				46653EB922A78FD400993E85 /* SignLanguageRecognizer.app */,
				46653ECD22A78FD600993E85 /* SignLanguageRecognizerTests.xctest */,
				46653ED822A78FD600993E85 /* SignLanguageRecognizerUITests.xctest */,
			);
			name = Products;
			sourceTree = "<group>";
		};
		46653EBB22A78FD400993E85 /* SignLanguageRecognizer */ = {
			isa = PBXGroup;
			children = (
				46653EBC22A78FD400993E85 /* AppDelegate.swift */,
				46653EBE22A78FD400993E85 /* ViewController.swift */,
				4661718822B57E37009A461B /* SignClassifier.mlmodel */,
				46653EC022A78FD400993E85 /* Main.storyboard */,
				46653EC322A78FD600993E85 /* Assets.xcassets */,
				46653EC522A78FD600993E85 /* LaunchScreen.storyboard */,
				46653EC822A78FD600993E85 /* Info.plist */,
			);
			path = SignLanguageRecognizer;
			sourceTree = "<group>";
		};
		46653ED022A78FD600993E85 /* SignLanguageRecognizerTests */ = {
			isa = PBXGroup;
			children = (
				46653ED122A78FD600993E85 /* SignLanguageRecognizerTests.swift */,
				46653ED322A78FD600993E85 /* Info.plist */,
			);
			path = SignLanguageRecognizerTests;
			sourceTree = "<group>";
		};
		46653EDB22A78FD600993E85 /* SignLanguageRecognizerUITests */ = {
			isa = PBXGroup;
			children = (
				46653EDC22A78FD600993E85 /* SignLanguageRecognizerUITests.swift */,
				46653EDE22A78FD600993E85 /* Info.plist */,
			);
			path = SignLanguageRecognizerUITests;
			sourceTree = "<group>";
		};
/* End PBXGroup section */

/* Begin PBXNativeTarget section */
		46653EB822A78FD400993E85 /* SignLanguageRecognizer */ = {
			isa = PBXNativeTarget;
			buildConfigurationList = 46653EE122A78FD600993E85 /* Build configuration list for PBXNativeTarget "SignLanguageRecognizer" */;
			buildPhases = (
				46653EB522A78FD400993E85 /* Sources */,
				46653EB622A78FD400993E85 /* Frameworks */,
				46653EB722A78FD400993E85 /* Resources */,
			);
			buildRules = (
			);
			dependencies = (
			);
			name = SignLanguageRecognizer;
			productName = SignLanguageRecognizer;
			productReference = 46653EB922A78FD400993E85 /* SignLanguageRecognizer.app */;
			productType = "com.apple.product-type.application";
		};
		46653ECC22A78FD600993E85 /* SignLanguageRecognizerTests */ = {
			isa = PBXNativeTarget;
			buildConfigurationList = 46653EE422A78FD600993E85 /* Build configuration list for PBXNativeTarget "SignLanguageRecognizerTests" */;
			buildPhases = (
				46653EC922A78FD600993E85 /* Sources */,
				46653ECA22A78FD600993E85 /* Frameworks */,
				46653ECB22A78FD600993E85 /* Resources */,
			);
			buildRules = (
			);
			dependencies = (
				46653ECF22A78FD600993E85 /* PBXTargetDependency */,
			);
			name = SignLanguageRecognizerTests;
			productName = SignLanguageRecognizerTests;
			productReference = 46653ECD22A78FD600993E85 /* SignLanguageRecognizerTests.xctest */;
			productType = "com.apple.product-type.bundle.unit-test";
		};
		46653ED722A78FD600993E85 /* SignLanguageRecognizerUITests */ = {
			isa = PBXNativeTarget;
			buildConfigurationList = 46653EE722A78FD600993E85 /* Build configuration list for PBXNativeTarget "SignLanguageRecognizerUITests" */;
			buildPhases = (
				46653ED422A78FD600993E85 /* Sources */,
				46653ED522A78FD600993E85 /* Frameworks */,
				46653ED622A78FD600993E85 /* Resources */,
			);
			buildRules = (
			);
			dependencies = (
				46653EDA22A78FD600993E85 /* PBXTargetDependency */,
			);
			name = SignLanguageRecognizerUITests;
			productName = SignLanguageRecognizerUITests;
			productReference = 46653ED822A78FD600993E85 /* SignLanguageRecognizerUITests.xctest */;
			productType = "com.apple.product-type.bundle.ui-testing";
		};
/* End PBXNativeTarget section */

/* Begin PBXProject section */
		46653EB122A78FD400993E85 /* Project object */ = {
			isa = PBXProject;
			attributes = {
				LastSwiftUpdateCheck = 1010;
				LastUpgradeCheck = 1010;
				ORGANIZATIONNAME = aivatradev;
				TargetAttributes = {
					46653EB822A78FD400993E85 = {
						CreatedOnToolsVersion = 10.1;
					};
					46653ECC22A78FD600993E85 = {
						CreatedOnToolsVersion = 10.1;
						TestTargetID = 46653EB822A78FD400993E85;
					};
					46653ED722A78FD600993E85 = {
						CreatedOnToolsVersion = 10.1;
						TestTargetID = 46653EB822A78FD400993E85;
					};
				};
			};
			buildConfigurationList = 46653EB422A78FD400993E85 /* Build configuration list for PBXProject "SignLanguageRecognizer" */;
			compatibilityVersion = "Xcode 9.3";
			developmentRegion = en;
			hasScannedForEncodings = 0;
			knownRegions = (
				en,
				Base,
			);
			mainGroup = 46653EB022A78FD400993E85;
			productRefGroup = 46653EBA22A78FD400993E85 /* Products */;
			projectDirPath = "";
			projectRoot = "";
			targets = (
				46653EB822A78FD400993E85 /* SignLanguageRecognizer */,
				46653ECC22A78FD600993E85 /* SignLanguageRecognizerTests */,
				46653ED722A78FD600993E85 /* SignLanguageRecognizerUITests */,
			);
		};
/* End PBXProject section */

/* Begin PBXResourcesBuildPhase section */
		46653EB722A78FD400993E85 /* Resources */ = {
			isa = PBXResourcesBuildPhase;
			buildActionMask = 2147483647;
			files = (
				46653EC722A78FD600993E85 /* LaunchScreen.storyboard in Resources */,
				46653EC422A78FD600993E85 /* Assets.xcassets in Resources */,
				46653EC222A78FD400993E85 /* Main.storyboard in Resources */,
			);
			runOnlyForDeploymentPostprocessing = 0;
		};
		46653ECB22A78FD600993E85 /* Resources */ = {
			isa = PBXResourcesBuildPhase;
			buildActionMask = 2147483647;
			files = (
			);
			runOnlyForDeploymentPostprocessing = 0;
		};
		46653ED622A78FD600993E85 /* Resources */ = {
			isa = PBXResourcesBuildPhase;
			buildActionMask = 2147483647;
			files = (
			);
			runOnlyForDeploymentPostprocessing = 0;
		};
/* End PBXResourcesBuildPhase section */

/* Begin PBXSourcesBuildPhase section */
		46653EB522A78FD400993E85 /* Sources */ = {
			isa = PBXSourcesBuildPhase;
			buildActionMask = 2147483647;
			files = (
				46653EBF22A78FD400993E85 /* ViewController.swift in Sources */,
				4661718922B57E37009A461B /* SignClassifier.mlmodel in Sources */,
				46653EBD22A78FD400993E85 /* AppDelegate.swift in Sources */,
			);
			runOnlyForDeploymentPostprocessing = 0;
		};
		46653EC922A78FD600993E85 /* Sources */ = {
			isa = PBXSourcesBuildPhase;
			buildActionMask = 2147483647;
			files = (
				46653ED222A78FD600993E85 /* SignLanguageRecognizerTests.swift in Sources */,
			);
			runOnlyForDeploymentPostprocessing = 0;
		};
		46653ED422A78FD600993E85 /* Sources */ = {
			isa = PBXSourcesBuildPhase;
			buildActionMask = 2147483647;
			files = (
				46653EDD22A78FD600993E85 /* SignLanguageRecognizerUITests.swift in Sources */,
			);
			runOnlyForDeploymentPostprocessing = 0;
		};
/* End PBXSourcesBuildPhase section */

/* Begin PBXTargetDependency section */
		46653ECF22A78FD600993E85 /* PBXTargetDependency */ = {
			isa = PBXTargetDependency;
			target = 46653EB822A78FD400993E85 /* SignLanguageRecognizer */;
			targetProxy = 46653ECE22A78FD600993E85 /* PBXContainerItemProxy */;
		};
		46653EDA22A78FD600993E85 /* PBXTargetDependency */ = {
			isa = PBXTargetDependency;
			target = 46653EB822A78FD400993E85 /* SignLanguageRecognizer */;
			targetProxy = 46653ED922A78FD600993E85 /* PBXContainerItemProxy */;
		};
/* End PBXTargetDependency section */

/* Begin PBXVariantGroup section */
		46653EC022A78FD400993E85 /* Main.storyboard */ = {
			isa = PBXVariantGroup;
			children = (
				46653EC122A78FD400993E85 /* Base */,
			);
			name = Main.storyboard;
			sourceTree = "<group>";
		};
		46653EC522A78FD600993E85 /* LaunchScreen.storyboard */ = {
			isa = PBXVariantGroup;
			children = (
				46653EC622A78FD600993E85 /* Base */,
			);
			name = LaunchScreen.storyboard;
			sourceTree = "<group>";
		};
/* End PBXVariantGroup section */

/* Begin XCBuildConfiguration section */
		46653EDF22A78FD600993E85 /* Debug */ = {
			isa = XCBuildConfiguration;
			buildSettings = {
				ALWAYS_SEARCH_USER_PATHS = NO;
				CLANG_ANALYZER_NONNULL = YES;
				CLANG_ANALYZER_NUMBER_OBJECT_CONVERSION = YES_AGGRESSIVE;
				CLANG_CXX_LANGUAGE_STANDARD = "gnu++14";
				CLANG_CXX_LIBRARY = "libc++";
				CLANG_ENABLE_MODULES = YES;
				CLANG_ENABLE_OBJC_ARC = YES;
				CLANG_ENABLE_OBJC_WEAK = YES;
				CLANG_WARN_BLOCK_CAPTURE_AUTORELEASING = YES;
				CLANG_WARN_BOOL_CONVERSION = YES;
				CLANG_WARN_COMMA = YES;
				CLANG_WARN_CONSTANT_CONVERSION = YES;
				CLANG_WARN_DEPRECATED_OBJC_IMPLEMENTATIONS = YES;
				CLANG_WARN_DIRECT_OBJC_ISA_USAGE = YES_ERROR;
				CLANG_WARN_DOCUMENTATION_COMMENTS = YES;
				CLANG_WARN_EMPTY_BODY = YES;
				CLANG_WARN_ENUM_CONVERSION = YES;
				CLANG_WARN_INFINITE_RECURSION = YES;
				CLANG_WARN_INT_CONVERSION = YES;
				CLANG_WARN_NON_LITERAL_NULL_CONVERSION = YES;
				CLANG_WARN_OBJC_IMPLICIT_RETAIN_SELF = YES;
				CLANG_WARN_OBJC_LITERAL_CONVERSION = YES;
				CLANG_WARN_OBJC_ROOT_CLASS = YES_ERROR;
				CLANG_WARN_RANGE_LOOP_ANALYSIS = YES;
				CLANG_WARN_STRICT_PROTOTYPES = YES;
				CLANG_WARN_SUSPICIOUS_MOVE = YES;
				CLANG_WARN_UNGUARDED_AVAILABILITY = YES_AGGRESSIVE;
				CLANG_WARN_UNREACHABLE_CODE = YES;
				CLANG_WARN__DUPLICATE_METHOD_MATCH = YES;
				CODE_SIGN_IDENTITY = "iPhone Developer";
				COPY_PHASE_STRIP = NO;
				DEBUG_INFORMATION_FORMAT = dwarf;
				ENABLE_STRICT_OBJC_MSGSEND = YES;
				ENABLE_TESTABILITY = YES;
				GCC_C_LANGUAGE_STANDARD = gnu11;
				GCC_DYNAMIC_NO_PIC = NO;
				GCC_NO_COMMON_BLOCKS = YES;
				GCC_OPTIMIZATION_LEVEL = 0;
				GCC_PREPROCESSOR_DEFINITIONS = (
					"DEBUG=1",
					"$(inherited)",
				);
				GCC_WARN_64_TO_32_BIT_CONVERSION = YES;
				GCC_WARN_ABOUT_RETURN_TYPE = YES_ERROR;
				GCC_WARN_UNDECLARED_SELECTOR = YES;
				GCC_WARN_UNINITIALIZED_AUTOS = YES_AGGRESSIVE;
				GCC_WARN_UNUSED_FUNCTION = YES;
				GCC_WARN_UNUSED_VARIABLE = YES;
				IPHONEOS_DEPLOYMENT_TARGET = 12.1;
				MTL_ENABLE_DEBUG_INFO = INCLUDE_SOURCE;
				MTL_FAST_MATH = YES;
				ONLY_ACTIVE_ARCH = YES;
				SDKROOT = iphoneos;
				SWIFT_ACTIVE_COMPILATION_CONDITIONS = DEBUG;
				SWIFT_OPTIMIZATION_LEVEL = "-Onone";
			};
			name = Debug;
		};
		46653EE022A78FD600993E85 /* Release */ = {
			isa = XCBuildConfiguration;
			buildSettings = {
				ALWAYS_SEARCH_USER_PATHS = NO;
				CLANG_ANALYZER_NONNULL = YES;
				CLANG_ANALYZER_NUMBER_OBJECT_CONVERSION = YES_AGGRESSIVE;
				CLANG_CXX_LANGUAGE_STANDARD = "gnu++14";
				CLANG_CXX_LIBRARY = "libc++";
				CLANG_ENABLE_MODULES = YES;
				CLANG_ENABLE_OBJC_ARC = YES;
				CLANG_ENABLE_OBJC_WEAK = YES;
				CLANG_WARN_BLOCK_CAPTURE_AUTORELEASING = YES;
				CLANG_WARN_BOOL_CONVERSION = YES;
				CLANG_WARN_COMMA = YES;
				CLANG_WARN_CONSTANT_CONVERSION = YES;
				CLANG_WARN_DEPRECATED_OBJC_IMPLEMENTATIONS = YES;
				CLANG_WARN_DIRECT_OBJC_ISA_USAGE = YES_ERROR;
				CLANG_WARN_DOCUMENTATION_COMMENTS = YES;
				CLANG_WARN_EMPTY_BODY = YES;
				CLANG_WARN_ENUM_CONVERSION = YES;
				CLANG_WARN_INFINITE_RECURSION = YES;
				CLANG_WARN_INT_CONVERSION = YES;
				CLANG_WARN_NON_LITERAL_NULL_CONVERSION = YES;
				CLANG_WARN_OBJC_IMPLICIT_RETAIN_SELF = YES;
				CLANG_WARN_OBJC_LITERAL_CONVERSION = YES;
				CLANG_WARN_OBJC_ROOT_CLASS = YES_ERROR;
				CLANG_WARN_RANGE_LOOP_ANALYSIS = YES;
				CLANG_WARN_STRICT_PROTOTYPES = YES;
				CLANG_WARN_SUSPICIOUS_MOVE = YES;
				CLANG_WARN_UNGUARDED_AVAILABILITY = YES_AGGRESSIVE;
				CLANG_WARN_UNREACHABLE_CODE = YES;
				CLANG_WARN__DUPLICATE_METHOD_MATCH = YES;
				CODE_SIGN_IDENTITY = "iPhone Developer";
				COPY_PHASE_STRIP = NO;
				DEBUG_INFORMATION_FORMAT = "dwarf-with-dsym";
				ENABLE_NS_ASSERTIONS = NO;
				ENABLE_STRICT_OBJC_MSGSEND = YES;
				GCC_C_LANGUAGE_STANDARD = gnu11;
				GCC_NO_COMMON_BLOCKS = YES;
				GCC_WARN_64_TO_32_BIT_CONVERSION = YES;
				GCC_WARN_ABOUT_RETURN_TYPE = YES_ERROR;
				GCC_WARN_UNDECLARED_SELECTOR = YES;
				GCC_WARN_UNINITIALIZED_AUTOS = YES_AGGRESSIVE;
				GCC_WARN_UNUSED_FUNCTION = YES;
				GCC_WARN_UNUSED_VARIABLE = YES;
				IPHONEOS_DEPLOYMENT_TARGET = 12.1;
				MTL_ENABLE_DEBUG_INFO = NO;
				MTL_FAST_MATH = YES;
				SDKROOT = iphoneos;
				SWIFT_COMPILATION_MODE = wholemodule;
				SWIFT_OPTIMIZATION_LEVEL = "-O";
				VALIDATE_PRODUCT = YES;
			};
			name = Release;
		};
		46653EE222A78FD600993E85 /* Debug */ = {
			isa = XCBuildConfiguration;
			buildSettings = {
				ASSETCATALOG_COMPILER_APPICON_NAME = AppIcon;
				CODE_SIGN_STYLE = Automatic;
				DEVELOPMENT_TEAM = L6MJJ88WCG;
				INFOPLIST_FILE = SignLanguageRecognizer/Info.plist;
				LD_RUNPATH_SEARCH_PATHS = (
					"$(inherited)",
					"@executable_path/Frameworks",
				);
				PRODUCT_BUNDLE_IDENTIFIER = aivatradev.SignLanguageRecognizer;
				PRODUCT_NAME = "$(TARGET_NAME)";
				SWIFT_VERSION = 4.2;
				TARGETED_DEVICE_FAMILY = 1;
			};
			name = Debug;
		};
		46653EE322A78FD600993E85 /* Release */ = {
			isa = XCBuildConfiguration;
			buildSettings = {
				ASSETCATALOG_COMPILER_APPICON_NAME = AppIcon;
				CODE_SIGN_STYLE = Automatic;
				DEVELOPMENT_TEAM = L6MJJ88WCG;
				INFOPLIST_FILE = SignLanguageRecognizer/Info.plist;
				LD_RUNPATH_SEARCH_PATHS = (
					"$(inherited)",
					"@executable_path/Frameworks",
				);
				PRODUCT_BUNDLE_IDENTIFIER = aivatradev.SignLanguageRecognizer;
				PRODUCT_NAME = "$(TARGET_NAME)";
				SWIFT_VERSION = 4.2;
				TARGETED_DEVICE_FAMILY = 1;
			};
			name = Release;
		};
		46653EE522A78FD600993E85 /* Debug */ = {
			isa = XCBuildConfiguration;
			buildSettings = {
				ALWAYS_EMBED_SWIFT_STANDARD_LIBRARIES = YES;
				BUNDLE_LOADER = "$(TEST_HOST)";
				CODE_SIGN_STYLE = Automatic;
				DEVELOPMENT_TEAM = L6MJJ88WCG;
				INFOPLIST_FILE = SignLanguageRecognizerTests/Info.plist;
				LD_RUNPATH_SEARCH_PATHS = (
					"$(inherited)",
					"@executable_path/Frameworks",
					"@loader_path/Frameworks",
				);
				PRODUCT_BUNDLE_IDENTIFIER = aivatradev.SignLanguageRecognizerTests;
				PRODUCT_NAME = "$(TARGET_NAME)";
				SWIFT_VERSION = 4.2;
				TARGETED_DEVICE_FAMILY = "1,2";
				TEST_HOST = "$(BUILT_PRODUCTS_DIR)/SignLanguageRecognizer.app/SignLanguageRecognizer";
			};
			name = Debug;
		};
		46653EE622A78FD600993E85 /* Release */ = {
			isa = XCBuildConfiguration;
			buildSettings = {
				ALWAYS_EMBED_SWIFT_STANDARD_LIBRARIES = YES;
				BUNDLE_LOADER = "$(TEST_HOST)";
				CODE_SIGN_STYLE = Automatic;
				DEVELOPMENT_TEAM = L6MJJ88WCG;
				INFOPLIST_FILE = SignLanguageRecognizerTests/Info.plist;
				LD_RUNPATH_SEARCH_PATHS = (
					"$(inherited)",
					"@executable_path/Frameworks",
					"@loader_path/Frameworks",
				);
				PRODUCT_BUNDLE_IDENTIFIER = aivatradev.SignLanguageRecognizerTests;
				PRODUCT_NAME = "$(TARGET_NAME)";
				SWIFT_VERSION = 4.2;
				TARGETED_DEVICE_FAMILY = "1,2";
				TEST_HOST = "$(BUILT_PRODUCTS_DIR)/SignLanguageRecognizer.app/SignLanguageRecognizer";
			};
			name = Release;
		};
		46653EE822A78FD600993E85 /* Debug */ = {
			isa = XCBuildConfiguration;
			buildSettings = {
				ALWAYS_EMBED_SWIFT_STANDARD_LIBRARIES = YES;
				CODE_SIGN_STYLE = Automatic;
				DEVELOPMENT_TEAM = L6MJJ88WCG;
				INFOPLIST_FILE = SignLanguageRecognizerUITests/Info.plist;
				LD_RUNPATH_SEARCH_PATHS = (
					"$(inherited)",
					"@executable_path/Frameworks",
					"@loader_path/Frameworks",
				);
				PRODUCT_BUNDLE_IDENTIFIER = aivatradev.SignLanguageRecognizerUITests;
				PRODUCT_NAME = "$(TARGET_NAME)";
				SWIFT_VERSION = 4.2;
				TARGETED_DEVICE_FAMILY = "1,2";
				TEST_TARGET_NAME = SignLanguageRecognizer;
			};
			name = Debug;
		};
		46653EE922A78FD600993E85 /* Release */ = {
			isa = XCBuildConfiguration;
			buildSettings = {
				ALWAYS_EMBED_SWIFT_STANDARD_LIBRARIES = YES;
				CODE_SIGN_STYLE = Automatic;
				DEVELOPMENT_TEAM = L6MJJ88WCG;
				INFOPLIST_FILE = SignLanguageRecognizerUITests/Info.plist;
				LD_RUNPATH_SEARCH_PATHS = (
					"$(inherited)",
					"@executable_path/Frameworks",
					"@loader_path/Frameworks",
				);
				PRODUCT_BUNDLE_IDENTIFIER = aivatradev.SignLanguageRecognizerUITests;
				PRODUCT_NAME = "$(TARGET_NAME)";
				SWIFT_VERSION = 4.2;
				TARGETED_DEVICE_FAMILY = "1,2";
				TEST_TARGET_NAME = SignLanguageRecognizer;
			};
			name = Release;
		};
/* End XCBuildConfiguration section */

/* Begin XCConfigurationList section */
		46653EB422A78FD400993E85 /* Build configuration list for PBXProject "SignLanguageRecognizer" */ = {
			isa = XCConfigurationList;
			buildConfigurations = (
				46653EDF22A78FD600993E85 /* Debug */,
				46653EE022A78FD600993E85 /* Release */,
			);
			defaultConfigurationIsVisible = 0;
			defaultConfigurationName = Release;
		};
		46653EE122A78FD600993E85 /* Build configuration list for PBXNativeTarget "SignLanguageRecognizer" */ = {
			isa = XCConfigurationList;
			buildConfigurations = (
				46653EE222A78FD600993E85 /* Debug */,
				46653EE322A78FD600993E85 /* Release */,
			);
			defaultConfigurationIsVisible = 0;
			defaultConfigurationName = Release;
		};
		46653EE422A78FD600993E85 /* Build configuration list for PBXNativeTarget "SignLanguageRecognizerTests" */ = {
			isa = XCConfigurationList;
			buildConfigurations = (
				46653EE522A78FD600993E85 /* Debug */,
				46653EE622A78FD600993E85 /* Release */,
			);
			defaultConfigurationIsVisible = 0;
			defaultConfigurationName = Release;
		};
		46653EE722A78FD600993E85 /* Build configuration list for PBXNativeTarget "SignLanguageRecognizerUITests" */ = {
			isa = XCConfigurationList;
			buildConfigurations = (
				46653EE822A78FD600993E85 /* Debug */,
				46653EE922A78FD600993E85 /* Release */,
			);
			defaultConfigurationIsVisible = 0;
			defaultConfigurationName = Release;
		};
/* End XCConfigurationList section */
	};
	rootObject = 46653EB122A78FD400993E85 /* Project object */;
}
