// !$*UTF8*$!
{
	archiveVersion = 1;
	classes = {
	};
	objectVersion = 50;
	objects = {

/* Begin PBXBuildFile section */
		0EFEFE51EBEC6D9E4200D987 /* Pods_SignLanguageRecognizerUITests.framework in Frameworks */ = {isa = PBXBuildFile; fileRef = 413AF3110E90161A761F7F02 /* Pods_SignLanguageRecognizerUITests.framework */; };
		12B88677DC9837FE86161C92 /* Pods_SignLanguageRecognizer.framework in Frameworks */ = {isa = PBXBuildFile; fileRef = 1BFCDDDE1AB87A9BDF19355D /* Pods_SignLanguageRecognizer.framework */; };
		383B38768012E0DD7E4BDE32 /* Pods_SignLanguageRecognizerTests.framework in Frameworks */ = {isa = PBXBuildFile; fileRef = E22B1432021279C4F4E72D3C /* Pods_SignLanguageRecognizerTests.framework */; };
		4661718B22B588CA009A461B /* ViewController+Component.swift in Sources */ = {isa = PBXBuildFile; fileRef = 4661718A22B588CA009A461B /* ViewController+Component.swift */; };
		4661718D22B588DF009A461B /* ViewController+Subview.swift in Sources */ = {isa = PBXBuildFile; fileRef = 4661718C22B588DF009A461B /* ViewController+Subview.swift */; };
		4661718F22B588F1009A461B /* ViewController+Setup.swift in Sources */ = {isa = PBXBuildFile; fileRef = 4661718E22B588F1009A461B /* ViewController+Setup.swift */; };
		4661719122B58AF9009A461B /* ViewController+Capture.swift in Sources */ = {isa = PBXBuildFile; fileRef = 4661719022B58AF9009A461B /* ViewController+Capture.swift */; };
		46653EBD22A78FD400993E85 /* AppDelegate.swift in Sources */ = {isa = PBXBuildFile; fileRef = 46653EBC22A78FD400993E85 /* AppDelegate.swift */; };
		46653EBF22A78FD400993E85 /* ViewController.swift in Sources */ = {isa = PBXBuildFile; fileRef = 46653EBE22A78FD400993E85 /* ViewController.swift */; };
		46653EC222A78FD400993E85 /* Main.storyboard in Resources */ = {isa = PBXBuildFile; fileRef = 46653EC022A78FD400993E85 /* Main.storyboard */; };
		46653EC422A78FD600993E85 /* Assets.xcassets in Resources */ = {isa = PBXBuildFile; fileRef = 46653EC322A78FD600993E85 /* Assets.xcassets */; };
		46653EC722A78FD600993E85 /* LaunchScreen.storyboard in Resources */ = {isa = PBXBuildFile; fileRef = 46653EC522A78FD600993E85 /* LaunchScreen.storyboard */; };
		46653ED222A78FD600993E85 /* SignLanguageRecognizerTests.swift in Sources */ = {isa = PBXBuildFile; fileRef = 46653ED122A78FD600993E85 /* SignLanguageRecognizerTests.swift */; };
		46653EDD22A78FD600993E85 /* SignLanguageRecognizerUITests.swift in Sources */ = {isa = PBXBuildFile; fileRef = 46653EDC22A78FD600993E85 /* SignLanguageRecognizerUITests.swift */; };
		4685915822B9FCF70000141B /* SignClassifier.mlmodel in Sources */ = {isa = PBXBuildFile; fileRef = 4685915722B9FCF70000141B /* SignClassifier.mlmodel */; };
/* End PBXBuildFile section */

/* Begin PBXContainerItemProxy section */
		46653ECE22A78FD600993E85 /* PBXContainerItemProxy */ = {
			isa = PBXContainerItemProxy;
			containerPortal = 46653EB122A78FD400993E85 /* Project object */;
			proxyType = 1;
			remoteGlobalIDString = 46653EB822A78FD400993E85;
			remoteInfo = SignLanguageRecognizer;
		};
		46653ED922A78FD600993E85 /* PBXContainerItemProxy */ = {
			isa = PBXContainerItemProxy;
			containerPortal = 46653EB122A78FD400993E85 /* Project object */;
			proxyType = 1;
			remoteGlobalIDString = 46653EB822A78FD400993E85;
			remoteInfo = SignLanguageRecognizer;
		};
/* End PBXContainerItemProxy section */

/* Begin PBXFileReference section */
		1BFCDDDE1AB87A9BDF19355D /* Pods_SignLanguageRecognizer.framework */ = {isa = PBXFileReference; explicitFileType = wrapper.framework; includeInIndex = 0; path = Pods_SignLanguageRecognizer.framework; sourceTree = BUILT_PRODUCTS_DIR; };
		213551BCA9A7878882A465BA /* Pods-SignLanguageRecognizerTests.debug.xcconfig */ = {isa = PBXFileReference; includeInIndex = 1; lastKnownFileType = text.xcconfig; name = "Pods-SignLanguageRecognizerTests.debug.xcconfig"; path = "Target Support Files/Pods-SignLanguageRecognizerTests/Pods-SignLanguageRecognizerTests.debug.xcconfig"; sourceTree = "<group>"; };
		413AF3110E90161A761F7F02 /* Pods_SignLanguageRecognizerUITests.framework */ = {isa = PBXFileReference; explicitFileType = wrapper.framework; includeInIndex = 0; path = Pods_SignLanguageRecognizerUITests.framework; sourceTree = BUILT_PRODUCTS_DIR; };
		4661718A22B588CA009A461B /* ViewController+Component.swift */ = {isa = PBXFileReference; lastKnownFileType = sourcecode.swift; path = "ViewController+Component.swift"; sourceTree = "<group>"; };
		4661718C22B588DF009A461B /* ViewController+Subview.swift */ = {isa = PBXFileReference; lastKnownFileType = sourcecode.swift; path = "ViewController+Subview.swift"; sourceTree = "<group>"; };
		4661718E22B588F1009A461B /* ViewController+Setup.swift */ = {isa = PBXFileReference; lastKnownFileType = sourcecode.swift; path = "ViewController+Setup.swift"; sourceTree = "<group>"; };
		4661719022B58AF9009A461B /* ViewController+Capture.swift */ = {isa = PBXFileReference; lastKnownFileType = sourcecode.swift; path = "ViewController+Capture.swift"; sourceTree = "<group>"; };
		46653EB922A78FD400993E85 /* SignLanguageRecognizer.app */ = {isa = PBXFileReference; explicitFileType = wrapper.application; includeInIndex = 0; path = SignLanguageRecognizer.app; sourceTree = BUILT_PRODUCTS_DIR; };
		46653EBC22A78FD400993E85 /* AppDelegate.swift */ = {isa = PBXFileReference; lastKnownFileType = sourcecode.swift; path = AppDelegate.swift; sourceTree = "<group>"; };
		46653EBE22A78FD400993E85 /* ViewController.swift */ = {isa = PBXFileReference; lastKnownFileType = sourcecode.swift; path = ViewController.swift; sourceTree = "<group>"; };
		46653EC122A78FD400993E85 /* Base */ = {isa = PBXFileReference; lastKnownFileType = file.storyboard; name = Base; path = Base.lproj/Main.storyboard; sourceTree = "<group>"; };
		46653EC322A78FD600993E85 /* Assets.xcassets */ = {isa = PBXFileReference; lastKnownFileType = folder.assetcatalog; path = Assets.xcassets; sourceTree = "<group>"; };
		46653EC622A78FD600993E85 /* Base */ = {isa = PBXFileReference; lastKnownFileType = file.storyboard; name = Base; path = Base.lproj/LaunchScreen.storyboard; sourceTree = "<group>"; };
		46653EC822A78FD600993E85 /* Info.plist */ = {isa = PBXFileReference; lastKnownFileType = text.plist.xml; path = Info.plist; sourceTree = "<group>"; };
		46653ECD22A78FD600993E85 /* SignLanguageRecognizerTests.xctest */ = {isa = PBXFileReference; explicitFileType = wrapper.cfbundle; includeInIndex = 0; path = SignLanguageRecognizerTests.xctest; sourceTree = BUILT_PRODUCTS_DIR; };
		46653ED122A78FD600993E85 /* SignLanguageRecognizerTests.swift */ = {isa = PBXFileReference; lastKnownFileType = sourcecode.swift; path = SignLanguageRecognizerTests.swift; sourceTree = "<group>"; };
		46653ED322A78FD600993E85 /* Info.plist */ = {isa = PBXFileReference; lastKnownFileType = text.plist.xml; path = Info.plist; sourceTree = "<group>"; };
		46653ED822A78FD600993E85 /* SignLanguageRecognizerUITests.xctest */ = {isa = PBXFileReference; explicitFileType = wrapper.cfbundle; includeInIndex = 0; path = SignLanguageRecognizerUITests.xctest; sourceTree = BUILT_PRODUCTS_DIR; };
		46653EDC22A78FD600993E85 /* SignLanguageRecognizerUITests.swift */ = {isa = PBXFileReference; lastKnownFileType = sourcecode.swift; path = SignLanguageRecognizerUITests.swift; sourceTree = "<group>"; };
		46653EDE22A78FD600993E85 /* Info.plist */ = {isa = PBXFileReference; lastKnownFileType = text.plist.xml; path = Info.plist; sourceTree = "<group>"; };
		4685915722B9FCF70000141B /* SignClassifier.mlmodel */ = {isa = PBXFileReference; lastKnownFileType = file.mlmodel; path = SignClassifier.mlmodel; sourceTree = "<group>"; };
		510D4B4B987FDD63F0C8AB18 /* Pods-SignLanguageRecognizerUITests.release.xcconfig */ = {isa = PBXFileReference; includeInIndex = 1; lastKnownFileType = text.xcconfig; name = "Pods-SignLanguageRecognizerUITests.release.xcconfig"; path = "Target Support Files/Pods-SignLanguageRecognizerUITests/Pods-SignLanguageRecognizerUITests.release.xcconfig"; sourceTree = "<group>"; };
		52574C88CB26E216D360F7B9 /* Pods-SignLanguageRecognizer.release.xcconfig */ = {isa = PBXFileReference; includeInIndex = 1; lastKnownFileType = text.xcconfig; name = "Pods-SignLanguageRecognizer.release.xcconfig"; path = "Target Support Files/Pods-SignLanguageRecognizer/Pods-SignLanguageRecognizer.release.xcconfig"; sourceTree = "<group>"; };
		77D20CB2C255EFD1DEAA8BCB /* Pods-SignLanguageRecognizer.debug.xcconfig */ = {isa = PBXFileReference; includeInIndex = 1; lastKnownFileType = text.xcconfig; name = "Pods-SignLanguageRecognizer.debug.xcconfig"; path = "Target Support Files/Pods-SignLanguageRecognizer/Pods-SignLanguageRecognizer.debug.xcconfig"; sourceTree = "<group>"; };
		865FB3C29DF51FCF5ADC0C71 /* Pods-SignLanguageRecognizerTests.release.xcconfig */ = {isa = PBXFileReference; includeInIndex = 1; lastKnownFileType = text.xcconfig; name = "Pods-SignLanguageRecognizerTests.release.xcconfig"; path = "Target Support Files/Pods-SignLanguageRecognizerTests/Pods-SignLanguageRecognizerTests.release.xcconfig"; sourceTree = "<group>"; };
		CDFBAADCD3FD57A02AEC2DD3 /* Pods-SignLanguageRecognizerUITests.debug.xcconfig */ = {isa = PBXFileReference; includeInIndex = 1; lastKnownFileType = text.xcconfig; name = "Pods-SignLanguageRecognizerUITests.debug.xcconfig"; path = "Target Support Files/Pods-SignLanguageRecognizerUITests/Pods-SignLanguageRecognizerUITests.debug.xcconfig"; sourceTree = "<group>"; };
		E22B1432021279C4F4E72D3C /* Pods_SignLanguageRecognizerTests.framework */ = {isa = PBXFileReference; explicitFileType = wrapper.framework; includeInIndex = 0; path = Pods_SignLanguageRecognizerTests.framework; sourceTree = BUILT_PRODUCTS_DIR; };
/* End PBXFileReference section */

/* Begin PBXFrameworksBuildPhase section */
		46653EB622A78FD400993E85 /* Frameworks */ = {
			isa = PBXFrameworksBuildPhase;
			buildActionMask = 2147483647;
			files = (
				12B88677DC9837FE86161C92 /* Pods_SignLanguageRecognizer.framework in Frameworks */,
			);
			runOnlyForDeploymentPostprocessing = 0;
		};
		46653ECA22A78FD600993E85 /* Frameworks */ = {
			isa = PBXFrameworksBuildPhase;
			buildActionMask = 2147483647;
			files = (
				383B38768012E0DD7E4BDE32 /* Pods_SignLanguageRecognizerTests.framework in Frameworks */,
			);
			runOnlyForDeploymentPostprocessing = 0;
		};
		46653ED522A78FD600993E85 /* Frameworks */ = {
			isa = PBXFrameworksBuildPhase;
			buildActionMask = 2147483647;
			files = (
				0EFEFE51EBEC6D9E4200D987 /* Pods_SignLanguageRecognizerUITests.framework in Frameworks */,
			);
			runOnlyForDeploymentPostprocessing = 0;
		};
/* End PBXFrameworksBuildPhase section */

/* Begin PBXGroup section */
		46653EB022A78FD400993E85 = {
			isa = PBXGroup;
			children = (
				46653EBB22A78FD400993E85 /* SignLanguageRecognizer */,
				46653ED022A78FD600993E85 /* SignLanguageRecognizerTests */,
				46653EDB22A78FD600993E85 /* SignLanguageRecognizerUITests */,
				46653EBA22A78FD400993E85 /* Products */,
				859FB05DCFA4F9584D11B1BF /* Pods */,
				E949242CFE473E0556A9FDA4 /* Frameworks */,
			);
			sourceTree = "<group>";
		};
		46653EBA22A78FD400993E85 /* Products */ = {
			isa = PBXGroup;
			children = (
				46653EB922A78FD400993E85 /* SignLanguageRecognizer.app */,
				46653ECD22A78FD600993E85 /* SignLanguageRecognizerTests.xctest */,
				46653ED822A78FD600993E85 /* SignLanguageRecognizerUITests.xctest */,
			);
			name = Products;
			sourceTree = "<group>";
		};
		46653EBB22A78FD400993E85 /* SignLanguageRecognizer */ = {
			isa = PBXGroup;
			children = (
				46653EBC22A78FD400993E85 /* AppDelegate.swift */,
				46653EBE22A78FD400993E85 /* ViewController.swift */,
				4661718A22B588CA009A461B /* ViewController+Component.swift */,
				4661718C22B588DF009A461B /* ViewController+Subview.swift */,
				4661718E22B588F1009A461B /* ViewController+Setup.swift */,
				4661719022B58AF9009A461B /* ViewController+Capture.swift */,
				46653EC022A78FD400993E85 /* Main.storyboard */,
				4685915722B9FCF70000141B /* SignClassifier.mlmodel */,
				46653EC322A78FD600993E85 /* Assets.xcassets */,
				46653EC522A78FD600993E85 /* LaunchScreen.storyboard */,
				46653EC822A78FD600993E85 /* Info.plist */,
			);
			path = SignLanguageRecognizer;
			sourceTree = "<group>";
		};
		46653ED022A78FD600993E85 /* SignLanguageRecognizerTests */ = {
			isa = PBXGroup;
			children = (
				46653ED122A78FD600993E85 /* SignLanguageRecognizerTests.swift */,
				46653ED322A78FD600993E85 /* Info.plist */,
			);
			path = SignLanguageRecognizerTests;
			sourceTree = "<group>";
		};
		46653EDB22A78FD600993E85 /* SignLanguageRecognizerUITests */ = {
			isa = PBXGroup;
			children = (
				46653EDC22A78FD600993E85 /* SignLanguageRecognizerUITests.swift */,
				46653EDE22A78FD600993E85 /* Info.plist */,
			);
			path = SignLanguageRecognizerUITests;
			sourceTree = "<group>";
		};
		859FB05DCFA4F9584D11B1BF /* Pods */ = {
			isa = PBXGroup;
			children = (
				77D20CB2C255EFD1DEAA8BCB /* Pods-SignLanguageRecognizer.debug.xcconfig */,
				52574C88CB26E216D360F7B9 /* Pods-SignLanguageRecognizer.release.xcconfig */,
				213551BCA9A7878882A465BA /* Pods-SignLanguageRecognizerTests.debug.xcconfig */,
				865FB3C29DF51FCF5ADC0C71 /* Pods-SignLanguageRecognizerTests.release.xcconfig */,
				CDFBAADCD3FD57A02AEC2DD3 /* Pods-SignLanguageRecognizerUITests.debug.xcconfig */,
				510D4B4B987FDD63F0C8AB18 /* Pods-SignLanguageRecognizerUITests.release.xcconfig */,
			);
			path = Pods;
			sourceTree = "<group>";
		};
		E949242CFE473E0556A9FDA4 /* Frameworks */ = {
			isa = PBXGroup;
			children = (
				1BFCDDDE1AB87A9BDF19355D /* Pods_SignLanguageRecognizer.framework */,
				E22B1432021279C4F4E72D3C /* Pods_SignLanguageRecognizerTests.framework */,
				413AF3110E90161A761F7F02 /* Pods_SignLanguageRecognizerUITests.framework */,
			);
			name = Frameworks;
			sourceTree = "<group>";
		};
/* End PBXGroup section */

/* Begin PBXNativeTarget section */
		46653EB822A78FD400993E85 /* SignLanguageRecognizer */ = {
			isa = PBXNativeTarget;
			buildConfigurationList = 46653EE122A78FD600993E85 /* Build configuration list for PBXNativeTarget "SignLanguageRecognizer" */;
			buildPhases = (
				439E53957AA38B905F2053D5 /* [CP] Check Pods Manifest.lock */,
				46653EB522A78FD400993E85 /* Sources */,
				46653EB622A78FD400993E85 /* Frameworks */,
				46653EB722A78FD400993E85 /* Resources */,
				B134FEA8AE7056AF69ED93EA /* [CP] Embed Pods Frameworks */,
			);
			buildRules = (
			);
			dependencies = (
			);
			name = SignLanguageRecognizer;
			productName = SignLanguageRecognizer;
			productReference = 46653EB922A78FD400993E85 /* SignLanguageRecognizer.app */;
			productType = "com.apple.product-type.application";
		};
		46653ECC22A78FD600993E85 /* SignLanguageRecognizerTests */ = {
			isa = PBXNativeTarget;
			buildConfigurationList = 46653EE422A78FD600993E85 /* Build configuration list for PBXNativeTarget "SignLanguageRecognizerTests" */;
			buildPhases = (
				12C0130DD503A35479627A23 /* [CP] Check Pods Manifest.lock */,
				46653EC922A78FD600993E85 /* Sources */,
				46653ECA22A78FD600993E85 /* Frameworks */,
				46653ECB22A78FD600993E85 /* Resources */,
			);
			buildRules = (
			);
			dependencies = (
				46653ECF22A78FD600993E85 /* PBXTargetDependency */,
			);
			name = SignLanguageRecognizerTests;
			productName = SignLanguageRecognizerTests;
			productReference = 46653ECD22A78FD600993E85 /* SignLanguageRecognizerTests.xctest */;
			productType = "com.apple.product-type.bundle.unit-test";
		};
		46653ED722A78FD600993E85 /* SignLanguageRecognizerUITests */ = {
			isa = PBXNativeTarget;
			buildConfigurationList = 46653EE722A78FD600993E85 /* Build configuration list for PBXNativeTarget "SignLanguageRecognizerUITests" */;
			buildPhases = (
				63D5DA9B12978AD776DC9E21 /* [CP] Check Pods Manifest.lock */,
				46653ED422A78FD600993E85 /* Sources */,
				46653ED522A78FD600993E85 /* Frameworks */,
				46653ED622A78FD600993E85 /* Resources */,
			);
			buildRules = (
			);
			dependencies = (
				46653EDA22A78FD600993E85 /* PBXTargetDependency */,
			);
			name = SignLanguageRecognizerUITests;
			productName = SignLanguageRecognizerUITests;
			productReference = 46653ED822A78FD600993E85 /* SignLanguageRecognizerUITests.xctest */;
			productType = "com.apple.product-type.bundle.ui-testing";
		};
/* End PBXNativeTarget section */

/* Begin PBXProject section */
		46653EB122A78FD400993E85 /* Project object */ = {
			isa = PBXProject;
			attributes = {
				LastSwiftUpdateCheck = 1010;
				LastUpgradeCheck = 1010;
				ORGANIZATIONNAME = aivatradev;
				TargetAttributes = {
					46653EB822A78FD400993E85 = {
						CreatedOnToolsVersion = 10.1;
					};
					46653ECC22A78FD600993E85 = {
						CreatedOnToolsVersion = 10.1;
						TestTargetID = 46653EB822A78FD400993E85;
					};
					46653ED722A78FD600993E85 = {
						CreatedOnToolsVersion = 10.1;
						TestTargetID = 46653EB822A78FD400993E85;
					};
				};
			};
			buildConfigurationList = 46653EB422A78FD400993E85 /* Build configuration list for PBXProject "SignLanguageRecognizer" */;
			compatibilityVersion = "Xcode 9.3";
			developmentRegion = en;
			hasScannedForEncodings = 0;
			knownRegions = (
				en,
				Base,
			);
			mainGroup = 46653EB022A78FD400993E85;
			productRefGroup = 46653EBA22A78FD400993E85 /* Products */;
			projectDirPath = "";
			projectRoot = "";
			targets = (
				46653EB822A78FD400993E85 /* SignLanguageRecognizer */,
				46653ECC22A78FD600993E85 /* SignLanguageRecognizerTests */,
				46653ED722A78FD600993E85 /* SignLanguageRecognizerUITests */,
			);
		};
/* End PBXProject section */

/* Begin PBXResourcesBuildPhase section */
		46653EB722A78FD400993E85 /* Resources */ = {
			isa = PBXResourcesBuildPhase;
			buildActionMask = 2147483647;
			files = (
				46653EC722A78FD600993E85 /* LaunchScreen.storyboard in Resources */,
				46653EC422A78FD600993E85 /* Assets.xcassets in Resources */,
				46653EC222A78FD400993E85 /* Main.storyboard in Resources */,
			);
			runOnlyForDeploymentPostprocessing = 0;
		};
		46653ECB22A78FD600993E85 /* Resources */ = {
			isa = PBXResourcesBuildPhase;
			buildActionMask = 2147483647;
			files = (
			);
			runOnlyForDeploymentPostprocessing = 0;
		};
		46653ED622A78FD600993E85 /* Resources */ = {
			isa = PBXResourcesBuildPhase;
			buildActionMask = 2147483647;
			files = (
			);
			runOnlyForDeploymentPostprocessing = 0;
		};
/* End PBXResourcesBuildPhase section */

/* Begin PBXShellScriptBuildPhase section */
		12C0130DD503A35479627A23 /* [CP] Check Pods Manifest.lock */ = {
			isa = PBXShellScriptBuildPhase;
			buildActionMask = 2147483647;
			files = (
			);
			inputFileListPaths = (
			);
			inputPaths = (
				"${PODS_PODFILE_DIR_PATH}/Podfile.lock",
				"${PODS_ROOT}/Manifest.lock",
			);
			name = "[CP] Check Pods Manifest.lock";
			outputFileListPaths = (
			);
			outputPaths = (
				"$(DERIVED_FILE_DIR)/Pods-SignLanguageRecognizerTests-checkManifestLockResult.txt",
			);
			runOnlyForDeploymentPostprocessing = 0;
			shellPath = /bin/sh;
			shellScript = "diff \"${PODS_PODFILE_DIR_PATH}/Podfile.lock\" \"${PODS_ROOT}/Manifest.lock\" > /dev/null\nif [ $? != 0 ] ; then\n    # print error to STDERR\n    echo \"error: The sandbox is not in sync with the Podfile.lock. Run 'pod install' or update your CocoaPods installation.\" >&2\n    exit 1\nfi\n# This output is used by Xcode 'outputs' to avoid re-running this script phase.\necho \"SUCCESS\" > \"${SCRIPT_OUTPUT_FILE_0}\"\n";
			showEnvVarsInLog = 0;
		};
		439E53957AA38B905F2053D5 /* [CP] Check Pods Manifest.lock */ = {
			isa = PBXShellScriptBuildPhase;
			buildActionMask = 2147483647;
			files = (
			);
			inputFileListPaths = (
			);
			inputPaths = (
				"${PODS_PODFILE_DIR_PATH}/Podfile.lock",
				"${PODS_ROOT}/Manifest.lock",
			);
			name = "[CP] Check Pods Manifest.lock";
			outputFileListPaths = (
			);
			outputPaths = (
				"$(DERIVED_FILE_DIR)/Pods-SignLanguageRecognizer-checkManifestLockResult.txt",
			);
			runOnlyForDeploymentPostprocessing = 0;
			shellPath = /bin/sh;
			shellScript = "diff \"${PODS_PODFILE_DIR_PATH}/Podfile.lock\" \"${PODS_ROOT}/Manifest.lock\" > /dev/null\nif [ $? != 0 ] ; then\n    # print error to STDERR\n    echo \"error: The sandbox is not in sync with the Podfile.lock. Run 'pod install' or update your CocoaPods installation.\" >&2\n    exit 1\nfi\n# This output is used by Xcode 'outputs' to avoid re-running this script phase.\necho \"SUCCESS\" > \"${SCRIPT_OUTPUT_FILE_0}\"\n";
			showEnvVarsInLog = 0;
		};
		63D5DA9B12978AD776DC9E21 /* [CP] Check Pods Manifest.lock */ = {
			isa = PBXShellScriptBuildPhase;
			buildActionMask = 2147483647;
			files = (
			);
			inputFileListPaths = (
			);
			inputPaths = (
				"${PODS_PODFILE_DIR_PATH}/Podfile.lock",
				"${PODS_ROOT}/Manifest.lock",
			);
			name = "[CP] Check Pods Manifest.lock";
			outputFileListPaths = (
			);
			outputPaths = (
				"$(DERIVED_FILE_DIR)/Pods-SignLanguageRecognizerUITests-checkManifestLockResult.txt",
			);
			runOnlyForDeploymentPostprocessing = 0;
			shellPath = /bin/sh;
			shellScript = "diff \"${PODS_PODFILE_DIR_PATH}/Podfile.lock\" \"${PODS_ROOT}/Manifest.lock\" > /dev/null\nif [ $? != 0 ] ; then\n    # print error to STDERR\n    echo \"error: The sandbox is not in sync with the Podfile.lock. Run 'pod install' or update your CocoaPods installation.\" >&2\n    exit 1\nfi\n# This output is used by Xcode 'outputs' to avoid re-running this script phase.\necho \"SUCCESS\" > \"${SCRIPT_OUTPUT_FILE_0}\"\n";
			showEnvVarsInLog = 0;
		};
		B134FEA8AE7056AF69ED93EA /* [CP] Embed Pods Frameworks */ = {
			isa = PBXShellScriptBuildPhase;
			buildActionMask = 2147483647;
			files = (
			);
			inputFileListPaths = (
			);
			inputPaths = (
				"${PODS_ROOT}/Target Support Files/Pods-SignLanguageRecognizer/Pods-SignLanguageRecognizer-frameworks.sh",
				"${BUILT_PRODUCTS_DIR}/SnapKit/SnapKit.framework",
			);
			name = "[CP] Embed Pods Frameworks";
			outputFileListPaths = (
			);
			outputPaths = (
				"${TARGET_BUILD_DIR}/${FRAMEWORKS_FOLDER_PATH}/SnapKit.framework",
			);
			runOnlyForDeploymentPostprocessing = 0;
			shellPath = /bin/sh;
			shellScript = "\"${PODS_ROOT}/Target Support Files/Pods-SignLanguageRecognizer/Pods-SignLanguageRecognizer-frameworks.sh\"\n";
			showEnvVarsInLog = 0;
		};
/* End PBXShellScriptBuildPhase section */

/* Begin PBXSourcesBuildPhase section */
		46653EB522A78FD400993E85 /* Sources */ = {
			isa = PBXSourcesBuildPhase;
			buildActionMask = 2147483647;
			files = (
				46653EBF22A78FD400993E85 /* ViewController.swift in Sources */,
				4661719122B58AF9009A461B /* ViewController+Capture.swift in Sources */,
				4661718B22B588CA009A461B /* ViewController+Component.swift in Sources */,
				4685915822B9FCF70000141B /* SignClassifier.mlmodel in Sources */,
				46653EBD22A78FD400993E85 /* AppDelegate.swift in Sources */,
				4661718F22B588F1009A461B /* ViewController+Setup.swift in Sources */,
				4661718D22B588DF009A461B /* ViewController+Subview.swift in Sources */,
			);
			runOnlyForDeploymentPostprocessing = 0;
		};
		46653EC922A78FD600993E85 /* Sources */ = {
			isa = PBXSourcesBuildPhase;
			buildActionMask = 2147483647;
			files = (
				46653ED222A78FD600993E85 /* SignLanguageRecognizerTests.swift in Sources */,
			);
			runOnlyForDeploymentPostprocessing = 0;
		};
		46653ED422A78FD600993E85 /* Sources */ = {
			isa = PBXSourcesBuildPhase;
			buildActionMask = 2147483647;
			files = (
				46653EDD22A78FD600993E85 /* SignLanguageRecognizerUITests.swift in Sources */,
			);
			runOnlyForDeploymentPostprocessing = 0;
		};
/* End PBXSourcesBuildPhase section */

/* Begin PBXTargetDependency section */
		46653ECF22A78FD600993E85 /* PBXTargetDependency */ = {
			isa = PBXTargetDependency;
			target = 46653EB822A78FD400993E85 /* SignLanguageRecognizer */;
			targetProxy = 46653ECE22A78FD600993E85 /* PBXContainerItemProxy */;
		};
		46653EDA22A78FD600993E85 /* PBXTargetDependency */ = {
			isa = PBXTargetDependency;
			target = 46653EB822A78FD400993E85 /* SignLanguageRecognizer */;
			targetProxy = 46653ED922A78FD600993E85 /* PBXContainerItemProxy */;
		};
/* End PBXTargetDependency section */

/* Begin PBXVariantGroup section */
		46653EC022A78FD400993E85 /* Main.storyboard */ = {
			isa = PBXVariantGroup;
			children = (
				46653EC122A78FD400993E85 /* Base */,
			);
			name = Main.storyboard;
			sourceTree = "<group>";
		};
		46653EC522A78FD600993E85 /* LaunchScreen.storyboard */ = {
			isa = PBXVariantGroup;
			children = (
				46653EC622A78FD600993E85 /* Base */,
			);
			name = LaunchScreen.storyboard;
			sourceTree = "<group>";
		};
/* End PBXVariantGroup section */

/* Begin XCBuildConfiguration section */
		46653EDF22A78FD600993E85 /* Debug */ = {
			isa = XCBuildConfiguration;
			buildSettings = {
				ALWAYS_SEARCH_USER_PATHS = NO;
				CLANG_ANALYZER_NONNULL = YES;
				CLANG_ANALYZER_NUMBER_OBJECT_CONVERSION = YES_AGGRESSIVE;
				CLANG_CXX_LANGUAGE_STANDARD = "gnu++14";
				CLANG_CXX_LIBRARY = "libc++";
				CLANG_ENABLE_MODULES = YES;
				CLANG_ENABLE_OBJC_ARC = YES;
				CLANG_ENABLE_OBJC_WEAK = YES;
				CLANG_WARN_BLOCK_CAPTURE_AUTORELEASING = YES;
				CLANG_WARN_BOOL_CONVERSION = YES;
				CLANG_WARN_COMMA = YES;
				CLANG_WARN_CONSTANT_CONVERSION = YES;
				CLANG_WARN_DEPRECATED_OBJC_IMPLEMENTATIONS = YES;
				CLANG_WARN_DIRECT_OBJC_ISA_USAGE = YES_ERROR;
				CLANG_WARN_DOCUMENTATION_COMMENTS = YES;
				CLANG_WARN_EMPTY_BODY = YES;
				CLANG_WARN_ENUM_CONVERSION = YES;
				CLANG_WARN_INFINITE_RECURSION = YES;
				CLANG_WARN_INT_CONVERSION = YES;
				CLANG_WARN_NON_LITERAL_NULL_CONVERSION = YES;
				CLANG_WARN_OBJC_IMPLICIT_RETAIN_SELF = YES;
				CLANG_WARN_OBJC_LITERAL_CONVERSION = YES;
				CLANG_WARN_OBJC_ROOT_CLASS = YES_ERROR;
				CLANG_WARN_RANGE_LOOP_ANALYSIS = YES;
				CLANG_WARN_STRICT_PROTOTYPES = YES;
				CLANG_WARN_SUSPICIOUS_MOVE = YES;
				CLANG_WARN_UNGUARDED_AVAILABILITY = YES_AGGRESSIVE;
				CLANG_WARN_UNREACHABLE_CODE = YES;
				CLANG_WARN__DUPLICATE_METHOD_MATCH = YES;
				CODE_SIGN_IDENTITY = "iPhone Developer";
				COPY_PHASE_STRIP = NO;
				DEBUG_INFORMATION_FORMAT = dwarf;
				ENABLE_STRICT_OBJC_MSGSEND = YES;
				ENABLE_TESTABILITY = YES;
				GCC_C_LANGUAGE_STANDARD = gnu11;
				GCC_DYNAMIC_NO_PIC = NO;
				GCC_NO_COMMON_BLOCKS = YES;
				GCC_OPTIMIZATION_LEVEL = 0;
				GCC_PREPROCESSOR_DEFINITIONS = (
					"DEBUG=1",
					"$(inherited)",
				);
				GCC_WARN_64_TO_32_BIT_CONVERSION = YES;
				GCC_WARN_ABOUT_RETURN_TYPE = YES_ERROR;
				GCC_WARN_UNDECLARED_SELECTOR = YES;
				GCC_WARN_UNINITIALIZED_AUTOS = YES_AGGRESSIVE;
				GCC_WARN_UNUSED_FUNCTION = YES;
				GCC_WARN_UNUSED_VARIABLE = YES;
				IPHONEOS_DEPLOYMENT_TARGET = 12.1;
				MTL_ENABLE_DEBUG_INFO = INCLUDE_SOURCE;
				MTL_FAST_MATH = YES;
				ONLY_ACTIVE_ARCH = YES;
				SDKROOT = iphoneos;
				SWIFT_ACTIVE_COMPILATION_CONDITIONS = DEBUG;
				SWIFT_OPTIMIZATION_LEVEL = "-Onone";
			};
			name = Debug;
		};
		46653EE022A78FD600993E85 /* Release */ = {
			isa = XCBuildConfiguration;
			buildSettings = {
				ALWAYS_SEARCH_USER_PATHS = NO;
				CLANG_ANALYZER_NONNULL = YES;
				CLANG_ANALYZER_NUMBER_OBJECT_CONVERSION = YES_AGGRESSIVE;
				CLANG_CXX_LANGUAGE_STANDARD = "gnu++14";
				CLANG_CXX_LIBRARY = "libc++";
				CLANG_ENABLE_MODULES = YES;
				CLANG_ENABLE_OBJC_ARC = YES;
				CLANG_ENABLE_OBJC_WEAK = YES;
				CLANG_WARN_BLOCK_CAPTURE_AUTORELEASING = YES;
				CLANG_WARN_BOOL_CONVERSION = YES;
				CLANG_WARN_COMMA = YES;
				CLANG_WARN_CONSTANT_CONVERSION = YES;
				CLANG_WARN_DEPRECATED_OBJC_IMPLEMENTATIONS = YES;
				CLANG_WARN_DIRECT_OBJC_ISA_USAGE = YES_ERROR;
				CLANG_WARN_DOCUMENTATION_COMMENTS = YES;
				CLANG_WARN_EMPTY_BODY = YES;
				CLANG_WARN_ENUM_CONVERSION = YES;
				CLANG_WARN_INFINITE_RECURSION = YES;
				CLANG_WARN_INT_CONVERSION = YES;
				CLANG_WARN_NON_LITERAL_NULL_CONVERSION = YES;
				CLANG_WARN_OBJC_IMPLICIT_RETAIN_SELF = YES;
				CLANG_WARN_OBJC_LITERAL_CONVERSION = YES;
				CLANG_WARN_OBJC_ROOT_CLASS = YES_ERROR;
				CLANG_WARN_RANGE_LOOP_ANALYSIS = YES;
				CLANG_WARN_STRICT_PROTOTYPES = YES;
				CLANG_WARN_SUSPICIOUS_MOVE = YES;
				CLANG_WARN_UNGUARDED_AVAILABILITY = YES_AGGRESSIVE;
				CLANG_WARN_UNREACHABLE_CODE = YES;
				CLANG_WARN__DUPLICATE_METHOD_MATCH = YES;
				CODE_SIGN_IDENTITY = "iPhone Developer";
				COPY_PHASE_STRIP = NO;
				DEBUG_INFORMATION_FORMAT = "dwarf-with-dsym";
				ENABLE_NS_ASSERTIONS = NO;
				ENABLE_STRICT_OBJC_MSGSEND = YES;
				GCC_C_LANGUAGE_STANDARD = gnu11;
				GCC_NO_COMMON_BLOCKS = YES;
				GCC_WARN_64_TO_32_BIT_CONVERSION = YES;
				GCC_WARN_ABOUT_RETURN_TYPE = YES_ERROR;
				GCC_WARN_UNDECLARED_SELECTOR = YES;
				GCC_WARN_UNINITIALIZED_AUTOS = YES_AGGRESSIVE;
				GCC_WARN_UNUSED_FUNCTION = YES;
				GCC_WARN_UNUSED_VARIABLE = YES;
				IPHONEOS_DEPLOYMENT_TARGET = 12.1;
				MTL_ENABLE_DEBUG_INFO = NO;
				MTL_FAST_MATH = YES;
				SDKROOT = iphoneos;
				SWIFT_COMPILATION_MODE = wholemodule;
				SWIFT_OPTIMIZATION_LEVEL = "-O";
				VALIDATE_PRODUCT = YES;
			};
			name = Release;
		};
		46653EE222A78FD600993E85 /* Debug */ = {
			isa = XCBuildConfiguration;
			baseConfigurationReference = 77D20CB2C255EFD1DEAA8BCB /* Pods-SignLanguageRecognizer.debug.xcconfig */;
			buildSettings = {
				ASSETCATALOG_COMPILER_APPICON_NAME = AppIcon;
				CODE_SIGN_STYLE = Automatic;
				DEVELOPMENT_TEAM = L6MJJ88WCG;
				INFOPLIST_FILE = SignLanguageRecognizer/Info.plist;
				LD_RUNPATH_SEARCH_PATHS = (
					"$(inherited)",
					"@executable_path/Frameworks",
				);
				PRODUCT_BUNDLE_IDENTIFIER = aivatradev.SignLanguageRecognizer;
				PRODUCT_NAME = "$(TARGET_NAME)";
				SWIFT_VERSION = 4.2;
				TARGETED_DEVICE_FAMILY = 1;
			};
			name = Debug;
		};
		46653EE322A78FD600993E85 /* Release */ = {
			isa = XCBuildConfiguration;
			baseConfigurationReference = 52574C88CB26E216D360F7B9 /* Pods-SignLanguageRecognizer.release.xcconfig */;
			buildSettings = {
				ASSETCATALOG_COMPILER_APPICON_NAME = AppIcon;
				CODE_SIGN_STYLE = Automatic;
				DEVELOPMENT_TEAM = L6MJJ88WCG;
				INFOPLIST_FILE = SignLanguageRecognizer/Info.plist;
				LD_RUNPATH_SEARCH_PATHS = (
					"$(inherited)",
					"@executable_path/Frameworks",
				);
				PRODUCT_BUNDLE_IDENTIFIER = aivatradev.SignLanguageRecognizer;
				PRODUCT_NAME = "$(TARGET_NAME)";
				SWIFT_VERSION = 4.2;
				TARGETED_DEVICE_FAMILY = 1;
			};
			name = Release;
		};
		46653EE522A78FD600993E85 /* Debug */ = {
			isa = XCBuildConfiguration;
			baseConfigurationReference = 213551BCA9A7878882A465BA /* Pods-SignLanguageRecognizerTests.debug.xcconfig */;
			buildSettings = {
				ALWAYS_EMBED_SWIFT_STANDARD_LIBRARIES = YES;
				BUNDLE_LOADER = "$(TEST_HOST)";
				CODE_SIGN_STYLE = Automatic;
				DEVELOPMENT_TEAM = L6MJJ88WCG;
				INFOPLIST_FILE = SignLanguageRecognizerTests/Info.plist;
				LD_RUNPATH_SEARCH_PATHS = (
					"$(inherited)",
					"@executable_path/Frameworks",
					"@loader_path/Frameworks",
				);
				PRODUCT_BUNDLE_IDENTIFIER = aivatradev.SignLanguageRecognizerTests;
				PRODUCT_NAME = "$(TARGET_NAME)";
				SWIFT_VERSION = 4.2;
				TARGETED_DEVICE_FAMILY = "1,2";
				TEST_HOST = "$(BUILT_PRODUCTS_DIR)/SignLanguageRecognizer.app/SignLanguageRecognizer";
			};
			name = Debug;
		};
		46653EE622A78FD600993E85 /* Release */ = {
			isa = XCBuildConfiguration;
			baseConfigurationReference = 865FB3C29DF51FCF5ADC0C71 /* Pods-SignLanguageRecognizerTests.release.xcconfig */;
			buildSettings = {
				ALWAYS_EMBED_SWIFT_STANDARD_LIBRARIES = YES;
				BUNDLE_LOADER = "$(TEST_HOST)";
				CODE_SIGN_STYLE = Automatic;
				DEVELOPMENT_TEAM = L6MJJ88WCG;
				INFOPLIST_FILE = SignLanguageRecognizerTests/Info.plist;
				LD_RUNPATH_SEARCH_PATHS = (
					"$(inherited)",
					"@executable_path/Frameworks",
					"@loader_path/Frameworks",
				);
				PRODUCT_BUNDLE_IDENTIFIER = aivatradev.SignLanguageRecognizerTests;
				PRODUCT_NAME = "$(TARGET_NAME)";
				SWIFT_VERSION = 4.2;
				TARGETED_DEVICE_FAMILY = "1,2";
				TEST_HOST = "$(BUILT_PRODUCTS_DIR)/SignLanguageRecognizer.app/SignLanguageRecognizer";
			};
			name = Release;
		};
		46653EE822A78FD600993E85 /* Debug */ = {
			isa = XCBuildConfiguration;
			baseConfigurationReference = CDFBAADCD3FD57A02AEC2DD3 /* Pods-SignLanguageRecognizerUITests.debug.xcconfig */;
			buildSettings = {
				ALWAYS_EMBED_SWIFT_STANDARD_LIBRARIES = YES;
				CODE_SIGN_STYLE = Automatic;
				DEVELOPMENT_TEAM = L6MJJ88WCG;
				INFOPLIST_FILE = SignLanguageRecognizerUITests/Info.plist;
				LD_RUNPATH_SEARCH_PATHS = (
					"$(inherited)",
					"@executable_path/Frameworks",
					"@loader_path/Frameworks",
				);
				PRODUCT_BUNDLE_IDENTIFIER = aivatradev.SignLanguageRecognizerUITests;
				PRODUCT_NAME = "$(TARGET_NAME)";
				SWIFT_VERSION = 4.2;
				TARGETED_DEVICE_FAMILY = "1,2";
				TEST_TARGET_NAME = SignLanguageRecognizer;
			};
			name = Debug;
		};
		46653EE922A78FD600993E85 /* Release */ = {
			isa = XCBuildConfiguration;
			baseConfigurationReference = 510D4B4B987FDD63F0C8AB18 /* Pods-SignLanguageRecognizerUITests.release.xcconfig */;
			buildSettings = {
				ALWAYS_EMBED_SWIFT_STANDARD_LIBRARIES = YES;
				CODE_SIGN_STYLE = Automatic;
				DEVELOPMENT_TEAM = L6MJJ88WCG;
				INFOPLIST_FILE = SignLanguageRecognizerUITests/Info.plist;
				LD_RUNPATH_SEARCH_PATHS = (
					"$(inherited)",
					"@executable_path/Frameworks",
					"@loader_path/Frameworks",
				);
				PRODUCT_BUNDLE_IDENTIFIER = aivatradev.SignLanguageRecognizerUITests;
				PRODUCT_NAME = "$(TARGET_NAME)";
				SWIFT_VERSION = 4.2;
				TARGETED_DEVICE_FAMILY = "1,2";
				TEST_TARGET_NAME = SignLanguageRecognizer;
			};
			name = Release;
		};
/* End XCBuildConfiguration section */

/* Begin XCConfigurationList section */
		46653EB422A78FD400993E85 /* Build configuration list for PBXProject "SignLanguageRecognizer" */ = {
			isa = XCConfigurationList;
			buildConfigurations = (
				46653EDF22A78FD600993E85 /* Debug */,
				46653EE022A78FD600993E85 /* Release */,
			);
			defaultConfigurationIsVisible = 0;
			defaultConfigurationName = Release;
		};
		46653EE122A78FD600993E85 /* Build configuration list for PBXNativeTarget "SignLanguageRecognizer" */ = {
			isa = XCConfigurationList;
			buildConfigurations = (
				46653EE222A78FD600993E85 /* Debug */,
				46653EE322A78FD600993E85 /* Release */,
			);
			defaultConfigurationIsVisible = 0;
			defaultConfigurationName = Release;
		};
		46653EE422A78FD600993E85 /* Build configuration list for PBXNativeTarget "SignLanguageRecognizerTests" */ = {
			isa = XCConfigurationList;
			buildConfigurations = (
				46653EE522A78FD600993E85 /* Debug */,
				46653EE622A78FD600993E85 /* Release */,
			);
			defaultConfigurationIsVisible = 0;
			defaultConfigurationName = Release;
		};
		46653EE722A78FD600993E85 /* Build configuration list for PBXNativeTarget "SignLanguageRecognizerUITests" */ = {
			isa = XCConfigurationList;
			buildConfigurations = (
				46653EE822A78FD600993E85 /* Debug */,
				46653EE922A78FD600993E85 /* Release */,
			);
			defaultConfigurationIsVisible = 0;
			defaultConfigurationName = Release;
		};
/* End XCConfigurationList section */
	};
	rootObject = 46653EB122A78FD400993E85 /* Project object */;
}
